// !$*UTF8*$!
{
	archiveVersion = 1;
	classes = {
	};
	objectVersion = 50;
	objects = {

/* Begin PBXBuildFile section */
		279303F0235E997F00F1EB47 /* AppDelegate.swift in Sources */ = {isa = PBXBuildFile; fileRef = 279303EF235E997F00F1EB47 /* AppDelegate.swift */; };
		279303F4235E997F00F1EB47 /* ViewController.swift in Sources */ = {isa = PBXBuildFile; fileRef = 279303F3235E997F00F1EB47 /* ViewController.swift */; };
		279303F7235E997F00F1EB47 /* Main.storyboard in Resources */ = {isa = PBXBuildFile; fileRef = 279303F5235E997F00F1EB47 /* Main.storyboard */; };
		279303F9235E998000F1EB47 /* Assets.xcassets in Resources */ = {isa = PBXBuildFile; fileRef = 279303F8235E998000F1EB47 /* Assets.xcassets */; };
		279303FC235E998000F1EB47 /* LaunchScreen.storyboard in Resources */ = {isa = PBXBuildFile; fileRef = 279303FA235E998000F1EB47 /* LaunchScreen.storyboard */; };
		27930401235E998100F1EB47 /* Assignment_Watch_001 WatchKit App.app in Embed Watch Content */ = {isa = PBXBuildFile; fileRef = 27930400235E998100F1EB47 /* Assignment_Watch_001 WatchKit App.app */; settings = {ATTRIBUTES = (RemoveHeadersOnCopy, ); }; };
		27930407235E998100F1EB47 /* Interface.storyboard in Resources */ = {isa = PBXBuildFile; fileRef = 27930405235E998100F1EB47 /* Interface.storyboard */; };
		27930409235E998100F1EB47 /* Assets.xcassets in Resources */ = {isa = PBXBuildFile; fileRef = 27930408235E998100F1EB47 /* Assets.xcassets */; };
		27930410235E998200F1EB47 /* Assignment_Watch_001 WatchKit Extension.appex in Embed App Extensions */ = {isa = PBXBuildFile; fileRef = 2793040F235E998200F1EB47 /* Assignment_Watch_001 WatchKit Extension.appex */; settings = {ATTRIBUTES = (RemoveHeadersOnCopy, ); }; };
		27930415235E998200F1EB47 /* InterfaceController.swift in Sources */ = {isa = PBXBuildFile; fileRef = 27930414235E998200F1EB47 /* InterfaceController.swift */; };
		27930417235E998200F1EB47 /* ExtensionDelegate.swift in Sources */ = {isa = PBXBuildFile; fileRef = 27930416235E998200F1EB47 /* ExtensionDelegate.swift */; };
		27930419235E998200F1EB47 /* Assets.xcassets in Resources */ = {isa = PBXBuildFile; fileRef = 27930418235E998200F1EB47 /* Assets.xcassets */; };
		2793042B235E99A500F1EB47 /* GameScene.swift in Sources */ = {isa = PBXBuildFile; fileRef = 27930428235E99A500F1EB47 /* GameScene.swift */; };
		2793042C235E99A500F1EB47 /* SushiPiece.swift in Sources */ = {isa = PBXBuildFile; fileRef = 27930429235E99A500F1EB47 /* SushiPiece.swift */; };
		2793042D235E99A500F1EB47 /* GameViewController.swift in Sources */ = {isa = PBXBuildFile; fileRef = 2793042A235E99A500F1EB47 /* GameViewController.swift */; };
/* End PBXBuildFile section */

/* Begin PBXContainerItemProxy section */
		27930402235E998100F1EB47 /* PBXContainerItemProxy */ = {
			isa = PBXContainerItemProxy;
			containerPortal = 279303E4235E997F00F1EB47 /* Project object */;
			proxyType = 1;
			remoteGlobalIDString = 279303FF235E998100F1EB47;
			remoteInfo = "Assignment_Watch_001 WatchKit App";
		};
		27930411235E998200F1EB47 /* PBXContainerItemProxy */ = {
			isa = PBXContainerItemProxy;
			containerPortal = 279303E4235E997F00F1EB47 /* Project object */;
			proxyType = 1;
			remoteGlobalIDString = 2793040E235E998200F1EB47;
			remoteInfo = "Assignment_Watch_001 WatchKit Extension";
		};
/* End PBXContainerItemProxy section */

/* Begin PBXCopyFilesBuildPhase section */
		27930420235E998200F1EB47 /* Embed App Extensions */ = {
			isa = PBXCopyFilesBuildPhase;
			buildActionMask = 2147483647;
			dstPath = "";
			dstSubfolderSpec = 13;
			files = (
				27930410235E998200F1EB47 /* Assignment_Watch_001 WatchKit Extension.appex in Embed App Extensions */,
			);
			name = "Embed App Extensions";
			runOnlyForDeploymentPostprocessing = 0;
		};
		27930424235E998200F1EB47 /* Embed Watch Content */ = {
			isa = PBXCopyFilesBuildPhase;
			buildActionMask = 2147483647;
			dstPath = "$(CONTENTS_FOLDER_PATH)/Watch";
			dstSubfolderSpec = 16;
			files = (
				27930401235E998100F1EB47 /* Assignment_Watch_001 WatchKit App.app in Embed Watch Content */,
			);
			name = "Embed Watch Content";
			runOnlyForDeploymentPostprocessing = 0;
		};
/* End PBXCopyFilesBuildPhase section */

/* Begin PBXFileReference section */
		279303EC235E997F00F1EB47 /* Assignment_Watch_001.app */ = {isa = PBXFileReference; explicitFileType = wrapper.application; includeInIndex = 0; path = Assignment_Watch_001.app; sourceTree = BUILT_PRODUCTS_DIR; };
		279303EF235E997F00F1EB47 /* AppDelegate.swift */ = {isa = PBXFileReference; lastKnownFileType = sourcecode.swift; path = AppDelegate.swift; sourceTree = "<group>"; };
		279303F3235E997F00F1EB47 /* ViewController.swift */ = {isa = PBXFileReference; lastKnownFileType = sourcecode.swift; path = ViewController.swift; sourceTree = "<group>"; };
		279303F6235E997F00F1EB47 /* Base */ = {isa = PBXFileReference; lastKnownFileType = file.storyboard; name = Base; path = Base.lproj/Main.storyboard; sourceTree = "<group>"; };
		279303F8235E998000F1EB47 /* Assets.xcassets */ = {isa = PBXFileReference; lastKnownFileType = folder.assetcatalog; path = Assets.xcassets; sourceTree = "<group>"; };
		279303FB235E998000F1EB47 /* Base */ = {isa = PBXFileReference; lastKnownFileType = file.storyboard; name = Base; path = Base.lproj/LaunchScreen.storyboard; sourceTree = "<group>"; };
		279303FD235E998000F1EB47 /* Info.plist */ = {isa = PBXFileReference; lastKnownFileType = text.plist.xml; path = Info.plist; sourceTree = "<group>"; };
		27930400235E998100F1EB47 /* Assignment_Watch_001 WatchKit App.app */ = {isa = PBXFileReference; explicitFileType = wrapper.application; includeInIndex = 0; path = "Assignment_Watch_001 WatchKit App.app"; sourceTree = BUILT_PRODUCTS_DIR; };
		27930406235E998100F1EB47 /* Base */ = {isa = PBXFileReference; lastKnownFileType = file.storyboard; name = Base; path = Base.lproj/Interface.storyboard; sourceTree = "<group>"; };
		27930408235E998100F1EB47 /* Assets.xcassets */ = {isa = PBXFileReference; lastKnownFileType = folder.assetcatalog; path = Assets.xcassets; sourceTree = "<group>"; };
		2793040A235E998100F1EB47 /* Info.plist */ = {isa = PBXFileReference; lastKnownFileType = text.plist.xml; path = Info.plist; sourceTree = "<group>"; };
		2793040F235E998200F1EB47 /* Assignment_Watch_001 WatchKit Extension.appex */ = {isa = PBXFileReference; explicitFileType = "wrapper.app-extension"; includeInIndex = 0; path = "Assignment_Watch_001 WatchKit Extension.appex"; sourceTree = BUILT_PRODUCTS_DIR; };
		27930414235E998200F1EB47 /* InterfaceController.swift */ = {isa = PBXFileReference; lastKnownFileType = sourcecode.swift; path = InterfaceController.swift; sourceTree = "<group>"; };
		27930416235E998200F1EB47 /* ExtensionDelegate.swift */ = {isa = PBXFileReference; lastKnownFileType = sourcecode.swift; path = ExtensionDelegate.swift; sourceTree = "<group>"; };
		27930418235E998200F1EB47 /* Assets.xcassets */ = {isa = PBXFileReference; lastKnownFileType = folder.assetcatalog; path = Assets.xcassets; sourceTree = "<group>"; };
		2793041A235E998200F1EB47 /* Info.plist */ = {isa = PBXFileReference; lastKnownFileType = text.plist.xml; path = Info.plist; sourceTree = "<group>"; };
		27930428235E99A500F1EB47 /* GameScene.swift */ = {isa = PBXFileReference; fileEncoding = 4; lastKnownFileType = sourcecode.swift; path = GameScene.swift; sourceTree = "<group>"; };
		27930429235E99A500F1EB47 /* SushiPiece.swift */ = {isa = PBXFileReference; fileEncoding = 4; lastKnownFileType = sourcecode.swift; path = SushiPiece.swift; sourceTree = "<group>"; };
		2793042A235E99A500F1EB47 /* GameViewController.swift */ = {isa = PBXFileReference; fileEncoding = 4; lastKnownFileType = sourcecode.swift; path = GameViewController.swift; sourceTree = "<group>"; };
		27F956882363FA800006FF26 /* WatchConnectivity.framework */ = {isa = PBXFileReference; lastKnownFileType = wrapper.framework; name = WatchConnectivity.framework; path = Platforms/WatchOS.platform/Developer/SDKs/WatchOS6.0.sdk/System/Library/Frameworks/WatchConnectivity.framework; sourceTree = DEVELOPER_DIR; };
/* End PBXFileReference section */

/* Begin PBXFrameworksBuildPhase section */
		279303E9235E997F00F1EB47 /* Frameworks */ = {
			isa = PBXFrameworksBuildPhase;
			buildActionMask = 2147483647;
			files = (
			);
			runOnlyForDeploymentPostprocessing = 0;
		};
		2793040C235E998200F1EB47 /* Frameworks */ = {
			isa = PBXFrameworksBuildPhase;
			buildActionMask = 2147483647;
			files = (
			);
			runOnlyForDeploymentPostprocessing = 0;
		};
/* End PBXFrameworksBuildPhase section */

/* Begin PBXGroup section */
		279303E3235E997F00F1EB47 = {
			isa = PBXGroup;
			children = (
				279303EE235E997F00F1EB47 /* Assignment_Watch_001 */,
				27930404235E998100F1EB47 /* Assignment_Watch_001 WatchKit App */,
				27930413235E998200F1EB47 /* Assignment_Watch_001 WatchKit Extension */,
				279303ED235E997F00F1EB47 /* Products */,
				27F956872363FA800006FF26 /* Frameworks */,
			);
			sourceTree = "<group>";
		};
		279303ED235E997F00F1EB47 /* Products */ = {
			isa = PBXGroup;
			children = (
				279303EC235E997F00F1EB47 /* Assignment_Watch_001.app */,
				27930400235E998100F1EB47 /* Assignment_Watch_001 WatchKit App.app */,
				2793040F235E998200F1EB47 /* Assignment_Watch_001 WatchKit Extension.appex */,
			);
			name = Products;
			sourceTree = "<group>";
		};
		279303EE235E997F00F1EB47 /* Assignment_Watch_001 */ = {
			isa = PBXGroup;
			children = (
				279303EF235E997F00F1EB47 /* AppDelegate.swift */,
				279303F3235E997F00F1EB47 /* ViewController.swift */,
				279303F5235E997F00F1EB47 /* Main.storyboard */,
				27930428235E99A500F1EB47 /* GameScene.swift */,
				2793042A235E99A500F1EB47 /* GameViewController.swift */,
				27930429235E99A500F1EB47 /* SushiPiece.swift */,
				279303F8235E998000F1EB47 /* Assets.xcassets */,
				279303FA235E998000F1EB47 /* LaunchScreen.storyboard */,
				279303FD235E998000F1EB47 /* Info.plist */,
			);
			path = Assignment_Watch_001;
			sourceTree = "<group>";
		};
		27930404235E998100F1EB47 /* Assignment_Watch_001 WatchKit App */ = {
			isa = PBXGroup;
			children = (
				27930405235E998100F1EB47 /* Interface.storyboard */,
				27930408235E998100F1EB47 /* Assets.xcassets */,
				2793040A235E998100F1EB47 /* Info.plist */,
			);
			path = "Assignment_Watch_001 WatchKit App";
			sourceTree = "<group>";
		};
		27930413235E998200F1EB47 /* Assignment_Watch_001 WatchKit Extension */ = {
			isa = PBXGroup;
			children = (
				27930414235E998200F1EB47 /* InterfaceController.swift */,
				27930416235E998200F1EB47 /* ExtensionDelegate.swift */,
				27930418235E998200F1EB47 /* Assets.xcassets */,
				2793041A235E998200F1EB47 /* Info.plist */,
			);
			path = "Assignment_Watch_001 WatchKit Extension";
			sourceTree = "<group>";
		};
		27F956872363FA800006FF26 /* Frameworks */ = {
			isa = PBXGroup;
			children = (
				27F956882363FA800006FF26 /* WatchConnectivity.framework */,
			);
			name = Frameworks;
			sourceTree = "<group>";
		};
/* End PBXGroup section */

/* Begin PBXNativeTarget section */
		279303EB235E997F00F1EB47 /* Assignment_Watch_001 */ = {
			isa = PBXNativeTarget;
			buildConfigurationList = 27930425235E998200F1EB47 /* Build configuration list for PBXNativeTarget "Assignment_Watch_001" */;
			buildPhases = (
				279303E8235E997F00F1EB47 /* Sources */,
				279303E9235E997F00F1EB47 /* Frameworks */,
				279303EA235E997F00F1EB47 /* Resources */,
				27930424235E998200F1EB47 /* Embed Watch Content */,
			);
			buildRules = (
			);
			dependencies = (
				27930403235E998100F1EB47 /* PBXTargetDependency */,
			);
			name = Assignment_Watch_001;
			productName = Assignment_Watch_001;
			productReference = 279303EC235E997F00F1EB47 /* Assignment_Watch_001.app */;
			productType = "com.apple.product-type.application";
		};
		279303FF235E998100F1EB47 /* Assignment_Watch_001 WatchKit App */ = {
			isa = PBXNativeTarget;
			buildConfigurationList = 27930421235E998200F1EB47 /* Build configuration list for PBXNativeTarget "Assignment_Watch_001 WatchKit App" */;
			buildPhases = (
				279303FE235E998100F1EB47 /* Resources */,
				27930420235E998200F1EB47 /* Embed App Extensions */,
			);
			buildRules = (
			);
			dependencies = (
				27930412235E998200F1EB47 /* PBXTargetDependency */,
			);
			name = "Assignment_Watch_001 WatchKit App";
			productName = "Assignment_Watch_001 WatchKit App";
			productReference = 27930400235E998100F1EB47 /* Assignment_Watch_001 WatchKit App.app */;
			productType = "com.apple.product-type.application.watchapp2";
		};
		2793040E235E998200F1EB47 /* Assignment_Watch_001 WatchKit Extension */ = {
			isa = PBXNativeTarget;
			buildConfigurationList = 2793041D235E998200F1EB47 /* Build configuration list for PBXNativeTarget "Assignment_Watch_001 WatchKit Extension" */;
			buildPhases = (
				2793040B235E998200F1EB47 /* Sources */,
				2793040C235E998200F1EB47 /* Frameworks */,
				2793040D235E998200F1EB47 /* Resources */,
			);
			buildRules = (
			);
			dependencies = (
			);
			name = "Assignment_Watch_001 WatchKit Extension";
			productName = "Assignment_Watch_001 WatchKit Extension";
			productReference = 2793040F235E998200F1EB47 /* Assignment_Watch_001 WatchKit Extension.appex */;
			productType = "com.apple.product-type.watchkit2-extension";
		};
/* End PBXNativeTarget section */

/* Begin PBXProject section */
		279303E4235E997F00F1EB47 /* Project object */ = {
			isa = PBXProject;
			attributes = {
				LastSwiftUpdateCheck = 1100;
				LastUpgradeCheck = 1100;
				ORGANIZATIONNAME = "Carlos José Bulado";
				TargetAttributes = {
					279303EB235E997F00F1EB47 = {
						CreatedOnToolsVersion = 11.0;
					};
					279303FF235E998100F1EB47 = {
						CreatedOnToolsVersion = 11.0;
					};
					2793040E235E998200F1EB47 = {
						CreatedOnToolsVersion = 11.0;
					};
				};
			};
			buildConfigurationList = 279303E7235E997F00F1EB47 /* Build configuration list for PBXProject "Assignment_Watch_001" */;
			compatibilityVersion = "Xcode 9.3";
			developmentRegion = en;
			hasScannedForEncodings = 0;
			knownRegions = (
				en,
				Base,
			);
			mainGroup = 279303E3235E997F00F1EB47;
			productRefGroup = 279303ED235E997F00F1EB47 /* Products */;
			projectDirPath = "";
			projectRoot = "";
			targets = (
				279303EB235E997F00F1EB47 /* Assignment_Watch_001 */,
				279303FF235E998100F1EB47 /* Assignment_Watch_001 WatchKit App */,
				2793040E235E998200F1EB47 /* Assignment_Watch_001 WatchKit Extension */,
			);
		};
/* End PBXProject section */

/* Begin PBXResourcesBuildPhase section */
		279303EA235E997F00F1EB47 /* Resources */ = {
			isa = PBXResourcesBuildPhase;
			buildActionMask = 2147483647;
			files = (
				279303FC235E998000F1EB47 /* LaunchScreen.storyboard in Resources */,
				279303F9235E998000F1EB47 /* Assets.xcassets in Resources */,
				279303F7235E997F00F1EB47 /* Main.storyboard in Resources */,
			);
			runOnlyForDeploymentPostprocessing = 0;
		};
		279303FE235E998100F1EB47 /* Resources */ = {
			isa = PBXResourcesBuildPhase;
			buildActionMask = 2147483647;
			files = (
				27930409235E998100F1EB47 /* Assets.xcassets in Resources */,
				27930407235E998100F1EB47 /* Interface.storyboard in Resources */,
			);
			runOnlyForDeploymentPostprocessing = 0;
		};
		2793040D235E998200F1EB47 /* Resources */ = {
			isa = PBXResourcesBuildPhase;
			buildActionMask = 2147483647;
			files = (
				27930419235E998200F1EB47 /* Assets.xcassets in Resources */,
			);
			runOnlyForDeploymentPostprocessing = 0;
		};
/* End PBXResourcesBuildPhase section */

/* Begin PBXSourcesBuildPhase section */
		279303E8235E997F00F1EB47 /* Sources */ = {
			isa = PBXSourcesBuildPhase;
			buildActionMask = 2147483647;
			files = (
				279303F4235E997F00F1EB47 /* ViewController.swift in Sources */,
				279303F0235E997F00F1EB47 /* AppDelegate.swift in Sources */,
				2793042B235E99A500F1EB47 /* GameScene.swift in Sources */,
				2793042C235E99A500F1EB47 /* SushiPiece.swift in Sources */,
				2793042D235E99A500F1EB47 /* GameViewController.swift in Sources */,
			);
			runOnlyForDeploymentPostprocessing = 0;
		};
		2793040B235E998200F1EB47 /* Sources */ = {
			isa = PBXSourcesBuildPhase;
			buildActionMask = 2147483647;
			files = (
				27930417235E998200F1EB47 /* ExtensionDelegate.swift in Sources */,
				27930415235E998200F1EB47 /* InterfaceController.swift in Sources */,
			);
			runOnlyForDeploymentPostprocessing = 0;
		};
/* End PBXSourcesBuildPhase section */

/* Begin PBXTargetDependency section */
		27930403235E998100F1EB47 /* PBXTargetDependency */ = {
			isa = PBXTargetDependency;
			target = 279303FF235E998100F1EB47 /* Assignment_Watch_001 WatchKit App */;
			targetProxy = 27930402235E998100F1EB47 /* PBXContainerItemProxy */;
		};
		27930412235E998200F1EB47 /* PBXTargetDependency */ = {
			isa = PBXTargetDependency;
			target = 2793040E235E998200F1EB47 /* Assignment_Watch_001 WatchKit Extension */;
			targetProxy = 27930411235E998200F1EB47 /* PBXContainerItemProxy */;
		};
/* End PBXTargetDependency section */

/* Begin PBXVariantGroup section */
		279303F5235E997F00F1EB47 /* Main.storyboard */ = {
			isa = PBXVariantGroup;
			children = (
				279303F6235E997F00F1EB47 /* Base */,
			);
			name = Main.storyboard;
			sourceTree = "<group>";
		};
		279303FA235E998000F1EB47 /* LaunchScreen.storyboard */ = {
			isa = PBXVariantGroup;
			children = (
				279303FB235E998000F1EB47 /* Base */,
			);
			name = LaunchScreen.storyboard;
			sourceTree = "<group>";
		};
		27930405235E998100F1EB47 /* Interface.storyboard */ = {
			isa = PBXVariantGroup;
			children = (
				27930406235E998100F1EB47 /* Base */,
			);
			name = Interface.storyboard;
			sourceTree = "<group>";
		};
/* End PBXVariantGroup section */

/* Begin XCBuildConfiguration section */
		2793041B235E998200F1EB47 /* Debug */ = {
			isa = XCBuildConfiguration;
			buildSettings = {
				ALWAYS_SEARCH_USER_PATHS = NO;
				CLANG_ANALYZER_NONNULL = YES;
				CLANG_ANALYZER_NUMBER_OBJECT_CONVERSION = YES_AGGRESSIVE;
				CLANG_CXX_LANGUAGE_STANDARD = "gnu++14";
				CLANG_CXX_LIBRARY = "libc++";
				CLANG_ENABLE_MODULES = YES;
				CLANG_ENABLE_OBJC_ARC = YES;
				CLANG_ENABLE_OBJC_WEAK = YES;
				CLANG_WARN_BLOCK_CAPTURE_AUTORELEASING = YES;
				CLANG_WARN_BOOL_CONVERSION = YES;
				CLANG_WARN_COMMA = YES;
				CLANG_WARN_CONSTANT_CONVERSION = YES;
				CLANG_WARN_DEPRECATED_OBJC_IMPLEMENTATIONS = YES;
				CLANG_WARN_DIRECT_OBJC_ISA_USAGE = YES_ERROR;
				CLANG_WARN_DOCUMENTATION_COMMENTS = YES;
				CLANG_WARN_EMPTY_BODY = YES;
				CLANG_WARN_ENUM_CONVERSION = YES;
				CLANG_WARN_INFINITE_RECURSION = YES;
				CLANG_WARN_INT_CONVERSION = YES;
				CLANG_WARN_NON_LITERAL_NULL_CONVERSION = YES;
				CLANG_WARN_OBJC_IMPLICIT_RETAIN_SELF = YES;
				CLANG_WARN_OBJC_LITERAL_CONVERSION = YES;
				CLANG_WARN_OBJC_ROOT_CLASS = YES_ERROR;
				CLANG_WARN_RANGE_LOOP_ANALYSIS = YES;
				CLANG_WARN_STRICT_PROTOTYPES = YES;
				CLANG_WARN_SUSPICIOUS_MOVE = YES;
				CLANG_WARN_UNGUARDED_AVAILABILITY = YES_AGGRESSIVE;
				CLANG_WARN_UNREACHABLE_CODE = YES;
				CLANG_WARN__DUPLICATE_METHOD_MATCH = YES;
				COPY_PHASE_STRIP = NO;
				DEBUG_INFORMATION_FORMAT = dwarf;
				ENABLE_STRICT_OBJC_MSGSEND = YES;
				ENABLE_TESTABILITY = YES;
				GCC_C_LANGUAGE_STANDARD = gnu11;
				GCC_DYNAMIC_NO_PIC = NO;
				GCC_NO_COMMON_BLOCKS = YES;
				GCC_OPTIMIZATION_LEVEL = 0;
				GCC_PREPROCESSOR_DEFINITIONS = (
					"DEBUG=1",
					"$(inherited)",
				);
				GCC_WARN_64_TO_32_BIT_CONVERSION = YES;
				GCC_WARN_ABOUT_RETURN_TYPE = YES_ERROR;
				GCC_WARN_UNDECLARED_SELECTOR = YES;
				GCC_WARN_UNINITIALIZED_AUTOS = YES_AGGRESSIVE;
				GCC_WARN_UNUSED_FUNCTION = YES;
				GCC_WARN_UNUSED_VARIABLE = YES;
				IPHONEOS_DEPLOYMENT_TARGET = 13.0;
				MTL_ENABLE_DEBUG_INFO = INCLUDE_SOURCE;
				MTL_FAST_MATH = YES;
				ONLY_ACTIVE_ARCH = YES;
				SDKROOT = iphoneos;
				SWIFT_ACTIVE_COMPILATION_CONDITIONS = DEBUG;
				SWIFT_OPTIMIZATION_LEVEL = "-Onone";
			};
			name = Debug;
		};
		2793041C235E998200F1EB47 /* Release */ = {
			isa = XCBuildConfiguration;
			buildSettings = {
				ALWAYS_SEARCH_USER_PATHS = NO;
				CLANG_ANALYZER_NONNULL = YES;
				CLANG_ANALYZER_NUMBER_OBJECT_CONVERSION = YES_AGGRESSIVE;
				CLANG_CXX_LANGUAGE_STANDARD = "gnu++14";
				CLANG_CXX_LIBRARY = "libc++";
				CLANG_ENABLE_MODULES = YES;
				CLANG_ENABLE_OBJC_ARC = YES;
				CLANG_ENABLE_OBJC_WEAK = YES;
				CLANG_WARN_BLOCK_CAPTURE_AUTORELEASING = YES;
				CLANG_WARN_BOOL_CONVERSION = YES;
				CLANG_WARN_COMMA = YES;
				CLANG_WARN_CONSTANT_CONVERSION = YES;
				CLANG_WARN_DEPRECATED_OBJC_IMPLEMENTATIONS = YES;
				CLANG_WARN_DIRECT_OBJC_ISA_USAGE = YES_ERROR;
				CLANG_WARN_DOCUMENTATION_COMMENTS = YES;
				CLANG_WARN_EMPTY_BODY = YES;
				CLANG_WARN_ENUM_CONVERSION = YES;
				CLANG_WARN_INFINITE_RECURSION = YES;
				CLANG_WARN_INT_CONVERSION = YES;
				CLANG_WARN_NON_LITERAL_NULL_CONVERSION = YES;
				CLANG_WARN_OBJC_IMPLICIT_RETAIN_SELF = YES;
				CLANG_WARN_OBJC_LITERAL_CONVERSION = YES;
				CLANG_WARN_OBJC_ROOT_CLASS = YES_ERROR;
				CLANG_WARN_RANGE_LOOP_ANALYSIS = YES;
				CLANG_WARN_STRICT_PROTOTYPES = YES;
				CLANG_WARN_SUSPICIOUS_MOVE = YES;
				CLANG_WARN_UNGUARDED_AVAILABILITY = YES_AGGRESSIVE;
				CLANG_WARN_UNREACHABLE_CODE = YES;
				CLANG_WARN__DUPLICATE_METHOD_MATCH = YES;
				COPY_PHASE_STRIP = NO;
				DEBUG_INFORMATION_FORMAT = "dwarf-with-dsym";
				ENABLE_NS_ASSERTIONS = NO;
				ENABLE_STRICT_OBJC_MSGSEND = YES;
				GCC_C_LANGUAGE_STANDARD = gnu11;
				GCC_NO_COMMON_BLOCKS = YES;
				GCC_WARN_64_TO_32_BIT_CONVERSION = YES;
				GCC_WARN_ABOUT_RETURN_TYPE = YES_ERROR;
				GCC_WARN_UNDECLARED_SELECTOR = YES;
				GCC_WARN_UNINITIALIZED_AUTOS = YES_AGGRESSIVE;
				GCC_WARN_UNUSED_FUNCTION = YES;
				GCC_WARN_UNUSED_VARIABLE = YES;
				IPHONEOS_DEPLOYMENT_TARGET = 13.0;
				MTL_ENABLE_DEBUG_INFO = NO;
				MTL_FAST_MATH = YES;
				SDKROOT = iphoneos;
				SWIFT_COMPILATION_MODE = wholemodule;
				SWIFT_OPTIMIZATION_LEVEL = "-O";
				VALIDATE_PRODUCT = YES;
			};
			name = Release;
		};
		2793041E235E998200F1EB47 /* Debug */ = {
			isa = XCBuildConfiguration;
			buildSettings = {
				ASSETCATALOG_COMPILER_COMPLICATION_NAME = Complication;
				CODE_SIGN_STYLE = Automatic;
				DEVELOPMENT_TEAM = U3658C25H4;
				INFOPLIST_FILE = "Assignment_Watch_001 WatchKit Extension/Info.plist";
				LD_RUNPATH_SEARCH_PATHS = (
					"$(inherited)",
					"@executable_path/Frameworks",
					"@executable_path/../../Frameworks",
				);
				PRODUCT_BUNDLE_IDENTIFIER = "carlosbulado.Assignment-Watch-001.watchkitapp.watchkitextension";
				PRODUCT_NAME = "${TARGET_NAME}";
				SDKROOT = watchos;
				SKIP_INSTALL = YES;
				SWIFT_VERSION = 5.0;
				TARGETED_DEVICE_FAMILY = 4;
				WATCHOS_DEPLOYMENT_TARGET = 6.0;
			};
			name = Debug;
		};
		2793041F235E998200F1EB47 /* Release */ = {
			isa = XCBuildConfiguration;
			buildSettings = {
				ASSETCATALOG_COMPILER_COMPLICATION_NAME = Complication;
				CODE_SIGN_STYLE = Automatic;
				DEVELOPMENT_TEAM = U3658C25H4;
				INFOPLIST_FILE = "Assignment_Watch_001 WatchKit Extension/Info.plist";
				LD_RUNPATH_SEARCH_PATHS = (
					"$(inherited)",
					"@executable_path/Frameworks",
					"@executable_path/../../Frameworks",
				);
				PRODUCT_BUNDLE_IDENTIFIER = "carlosbulado.Assignment-Watch-001.watchkitapp.watchkitextension";
				PRODUCT_NAME = "${TARGET_NAME}";
				SDKROOT = watchos;
				SKIP_INSTALL = YES;
				SWIFT_VERSION = 5.0;
				TARGETED_DEVICE_FAMILY = 4;
				WATCHOS_DEPLOYMENT_TARGET = 6.0;
			};
			name = Release;
		};
		27930422235E998200F1EB47 /* Debug */ = {
			isa = XCBuildConfiguration;
			buildSettings = {
				ALWAYS_EMBED_SWIFT_STANDARD_LIBRARIES = YES;
				ASSETCATALOG_COMPILER_APPICON_NAME = AppIcon;
				CODE_SIGN_STYLE = Automatic;
				DEVELOPMENT_TEAM = U3658C25H4;
				IBSC_MODULE = Assignment_Watch_001_WatchKit_Extension;
				INFOPLIST_FILE = "Assignment_Watch_001 WatchKit App/Info.plist";
				PRODUCT_BUNDLE_IDENTIFIER = "carlosbulado.Assignment-Watch-001.watchkitapp";
				PRODUCT_NAME = "$(TARGET_NAME)";
				SDKROOT = watchos;
				SKIP_INSTALL = YES;
				SWIFT_VERSION = 5.0;
				TARGETED_DEVICE_FAMILY = 4;
				WATCHOS_DEPLOYMENT_TARGET = 6.0;
			};
			name = Debug;
		};
		27930423235E998200F1EB47 /* Release */ = {
			isa = XCBuildConfiguration;
			buildSettings = {
				ALWAYS_EMBED_SWIFT_STANDARD_LIBRARIES = YES;
				ASSETCATALOG_COMPILER_APPICON_NAME = AppIcon;
				CODE_SIGN_STYLE = Automatic;
				DEVELOPMENT_TEAM = U3658C25H4;
				IBSC_MODULE = Assignment_Watch_001_WatchKit_Extension;
				INFOPLIST_FILE = "Assignment_Watch_001 WatchKit App/Info.plist";
				PRODUCT_BUNDLE_IDENTIFIER = "carlosbulado.Assignment-Watch-001.watchkitapp";
				PRODUCT_NAME = "$(TARGET_NAME)";
				SDKROOT = watchos;
				SKIP_INSTALL = YES;
				SWIFT_VERSION = 5.0;
				TARGETED_DEVICE_FAMILY = 4;
				WATCHOS_DEPLOYMENT_TARGET = 6.0;
			};
			name = Release;
		};
		27930426235E998200F1EB47 /* Debug */ = {
			isa = XCBuildConfiguration;
			buildSettings = {
				ASSETCATALOG_COMPILER_APPICON_NAME = AppIcon;
				CODE_SIGN_STYLE = Automatic;
				DEVELOPMENT_TEAM = U3658C25H4;
				INFOPLIST_FILE = Assignment_Watch_001/Info.plist;
				LD_RUNPATH_SEARCH_PATHS = (
					"$(inherited)",
					"@executable_path/Frameworks",
				);
				PRODUCT_BUNDLE_IDENTIFIER = "carlosbulado.Assignment-Watch-001";
				PRODUCT_NAME = "$(TARGET_NAME)";
				SWIFT_VERSION = 5.0;
				TARGETED_DEVICE_FAMILY = "1,2";
			};
			name = Debug;
		};
		27930427235E998200F1EB47 /* Release */ = {
			isa = XCBuildConfiguration;
			buildSettings = {
				ASSETCATALOG_COMPILER_APPICON_NAME = AppIcon;
				CODE_SIGN_STYLE = Automatic;
				DEVELOPMENT_TEAM = U3658C25H4;
				INFOPLIST_FILE = Assignment_Watch_001/Info.plist;
				LD_RUNPATH_SEARCH_PATHS = (
					"$(inherited)",
					"@executable_path/Frameworks",
				);
				PRODUCT_BUNDLE_IDENTIFIER = "carlosbulado.Assignment-Watch-001";
				PRODUCT_NAME = "$(TARGET_NAME)";
				SWIFT_VERSION = 5.0;
				TARGETED_DEVICE_FAMILY = "1,2";
			};
			name = Release;
		};
/* End XCBuildConfiguration section */

/* Begin XCConfigurationList section */
		279303E7235E997F00F1EB47 /* Build configuration list for PBXProject "Assignment_Watch_001" */ = {
			isa = XCConfigurationList;
			buildConfigurations = (
				2793041B235E998200F1EB47 /* Debug */,
				2793041C235E998200F1EB47 /* Release */,
			);
			defaultConfigurationIsVisible = 0;
			defaultConfigurationName = Release;
		};
		2793041D235E998200F1EB47 /* Build configuration list for PBXNativeTarget "Assignment_Watch_001 WatchKit Extension" */ = {
			isa = XCConfigurationList;
			buildConfigurations = (
				2793041E235E998200F1EB47 /* Debug */,
				2793041F235E998200F1EB47 /* Release */,
			);
			defaultConfigurationIsVisible = 0;
			defaultConfigurationName = Release;
		};
		27930421235E998200F1EB47 /* Build configuration list for PBXNativeTarget "Assignment_Watch_001 WatchKit App" */ = {
			isa = XCConfigurationList;
			buildConfigurations = (
				27930422235E998200F1EB47 /* Debug */,
				27930423235E998200F1EB47 /* Release */,
			);
			defaultConfigurationIsVisible = 0;
			defaultConfigurationName = Release;
		};
		27930425235E998200F1EB47 /* Build configuration list for PBXNativeTarget "Assignment_Watch_001" */ = {
			isa = XCConfigurationList;
			buildConfigurations = (
				27930426235E998200F1EB47 /* Debug */,
				27930427235E998200F1EB47 /* Release */,
			);
			defaultConfigurationIsVisible = 0;
			defaultConfigurationName = Release;
		};
/* End XCConfigurationList section */
	};
	rootObject = 279303E4235E997F00F1EB47 /* Project object */;
}
